# This file is automatically @generated by Cargo.
# It is not intended for manual editing.
version = 3

[[package]]
name = "rustytorch_autograd"
version = "0.1.0"

[[package]]
name = "rustytorch_backends"
version = "0.1.0"

[[package]]
name = "rustytorch_core"
version = "0.1.0"

[[package]]
name = "rustytorch_data"
version = "0.1.0"

[[package]]
name = "rustytorch_nn"
version = "0.1.0"

[[package]]
name = "rustytorch_optim"
version = "0.1.0"

[[package]]
name = "rustytorch_tensor"
version = "0.1.0"

[[package]]
name = "rustytorch_text"
version = "0.1.0"

[[package]]
name = "rustytorch_utils"
version = "0.1.0"
